<?xml version="1.0" encoding="utf-8"?>
<Project ToolsVersion="4.0" xmlns="http://schemas.microsoft.com/developer/msbuild/2003">
  <ItemGroup>
    <Filter Include="Source Files">
      <UniqueIdentifier>{4FC737F1-C7A5-4376-A066-2A32D752A2FF}</UniqueIdentifier>
      <Extensions>cpp;c;cc;cxx;def;odl;idl;hpj;bat;asm;asmx</Extensions>
    </Filter>
    <Filter Include="Resource Files">
      <UniqueIdentifier>{67DA6AB6-F800-4c08-8B7A-83BB121AAD01}</UniqueIdentifier>
      <Extensions>rc;ico;cur;bmp;dlg;rc2;rct;bin;rgs;gif;jpg;jpeg;jpe;resx;tiff;tif;png;wav;mfcribbon-ms</Extensions>
    </Filter>
    <Filter Include="glsl">
      <UniqueIdentifier>{b018d898-8527-4d42-b881-96dd82093ba7}</UniqueIdentifier>
    </Filter>
    <Filter Include="Source Files\PipelineStages">
      <UniqueIdentifier>{d700fb5f-70f4-4f54-848b-8d795900fb87}</UniqueIdentifier>
    </Filter>
    <Filter Include="Source Files\OpenGL helpers">
      <UniqueIdentifier>{bafbb210-290b-4b10-bd78-2d2cb53599c3}</UniqueIdentifier>
    </Filter>
    <Filter Include="Source Files\protobuf generated sources">
      <UniqueIdentifier>{eedf44c5-5483-49fa-91f6-4a79399b09bc}</UniqueIdentifier>
    </Filter>
    <Filter Include="Source Files\glad GL bindings">
      <UniqueIdentifier>{c0e11b77-661b-434b-aad0-8111679b37ea}</UniqueIdentifier>
    </Filter>
  </ItemGroup>
  <ItemGroup>
    <ClInclude Include="..\..\..\src\Context.h">
      <Filter>Source Files\OpenGL helpers</Filter>
    </ClInclude>
    <ClInclude Include="..\..\..\src\Window.h">
      <Filter>Source Files\OpenGL helpers</Filter>
    </ClInclude>
    <ClInclude Include="..\..\..\src\Init.h">
      <Filter>Source Files\OpenGL helpers</Filter>
    </ClInclude>
    <ClInclude Include="..\..\..\src\Quad.h">
      <Filter>Source Files\OpenGL helpers</Filter>
    </ClInclude>
    <ClInclude Include="..\..\..\src\Semantics.h">
      <Filter>Source Files\OpenGL helpers</Filter>
    </ClInclude>
    <ClInclude Include="..\..\..\src\UtilsGL.h">
      <Filter>Source Files\OpenGL helpers</Filter>
    </ClInclude>
    <ClInclude Include="..\..\..\src\StringifyEnums.h">
      <Filter>Source Files\OpenGL helpers</Filter>
    </ClInclude>
    <ClInclude Include="..\..\..\src\ByPassDownloadStage.h">
      <Filter>Source Files\PipelineStages</Filter>
    </ClInclude>
    <ClInclude Include="..\..\..\src\ByPassUploadStage.h">
      <Filter>Source Files\PipelineStages</Filter>
    </ClInclude>
    <ClInclude Include="..\..\..\src\FormatConverterStage.h">
      <Filter>Source Files\PipelineStages</Filter>
    </ClInclude>
    <ClInclude Include="..\..\..\src\FrameCompositionOutputStage.h">
      <Filter>Source Files\PipelineStages</Filter>
    </ClInclude>
    <ClInclude Include="..\..\..\src\PackTextureToPBOStage.h">
      <Filter>Source Files\PipelineStages</Filter>
    </ClInclude>
    <ClInclude Include="..\..\..\src\RenderStage.h">
      <Filter>Source Files\PipelineStages</Filter>
    </ClInclude>
    <ClInclude Include="..\..\..\src\UnpackPBOToTextureStage.h">
      <Filter>Source Files\PipelineStages</Filter>
    </ClInclude>
    <ClInclude Include="..\..\..\src\ChronoUtils.h">
      <Filter>Source Files</Filter>
    </ClInclude>
    <ClInclude Include="..\..\..\src\CircularFifo.h">
      <Filter>Source Files</Filter>
    </ClInclude>
    <ClInclude Include="..\..\..\src\CircularFifoHelpers.h">
      <Filter>Source Files</Filter>
    </ClInclude>
    <ClInclude Include="..\..\..\src\DemoStreamRenderer.h">
      <Filter>Source Files</Filter>
    </ClInclude>
    <ClInclude Include="..\..\..\src\Frame.h">
      <Filter>Source Files</Filter>
    </ClInclude>
    <ClInclude Include="..\..\..\src\FrameBender.h">
      <Filter>Source Files</Filter>
    </ClInclude>
    <ClInclude Include="..\..\..\src\ImageFormat.h">
      <Filter>Source Files</Filter>
    </ClInclude>
    <ClInclude Include="..\..\..\src\Logging.h">
      <Filter>Source Files</Filter>
    </ClInclude>
    <ClInclude Include="..\..\..\src\MathConstants.h">
      <Filter>Source Files</Filter>
    </ClInclude>
    <ClInclude Include="..\..\..\src\Precompile.h">
      <Filter>Source Files</Filter>
    </ClInclude>
    <ClInclude Include="..\..\..\src\ProgramOptions.h">
      <Filter>Source Files</Filter>
    </ClInclude>
    <ClInclude Include="..\..\..\src\Stage.h">
      <Filter>Source Files</Filter>
    </ClInclude>
    <ClInclude Include="..\..\..\src\Stage.inl.h">
      <Filter>Source Files</Filter>
    </ClInclude>
    <ClInclude Include="..\..\..\src\StageDataTypes.h">
      <Filter>Source Files</Filter>
    </ClInclude>
    <ClInclude Include="..\..\..\src\StageSampler.h">
      <Filter>Source Files</Filter>
    </ClInclude>
    <ClInclude Include="..\..\..\src\StreamComposition.h">
      <Filter>Source Files</Filter>
    </ClInclude>
    <ClInclude Include="..\..\..\src\StreamDispatch.h">
      <Filter>Source Files</Filter>
    </ClInclude>
    <ClInclude Include="..\..\..\src\StreamRenderer.h">
      <Filter>Source Files</Filter>
    </ClInclude>
    <ClInclude Include="..\..\..\src\StreamSource.h">
      <Filter>Source Files</Filter>
    </ClInclude>
    <ClInclude Include="..\..\..\src\Time.h">
      <Filter>Source Files</Filter>
    </ClInclude>
    <ClInclude Include="..\..\..\src\Utils.h">
      <Filter>Source Files</Filter>
    </ClInclude>
    <ClInclude Include="..\..\..\src\MapPBOStage.h">
      <Filter>Source Files\PipelineStages</Filter>
    </ClInclude>
    <ClInclude Include="..\..\..\src\CopyMappedPBOToHostStage.h">
      <Filter>Source Files\PipelineStages</Filter>
    </ClInclude>
    <ClInclude Include="..\..\..\src\FrameCompositionInputStage.h">
      <Filter>Source Files\PipelineStages</Filter>
    </ClInclude>
    <ClInclude Include="..\..\..\src\CopyHostToMappedPBOStage.h">
      <Filter>Source Files\PipelineStages</Filter>
    </ClInclude>
    <ClInclude Include="..\..\..\src\UnmapPBOStage.h">
      <Filter>Source Files\PipelineStages</Filter>
    </ClInclude>
    <ClInclude Include="..\..\..\src\TimeSampler.h">
      <Filter>Source Files\OpenGL helpers</Filter>
    </ClInclude>
    <ClInclude Include="..\..\..\src\PipelineStage.h">
      <Filter>Source Files\PipelineStages</Filter>
    </ClInclude>
    <ClInclude Include="..\..\..\src\protobuf_generated\fbt_format.pb.h">
      <Filter>Source Files\protobuf generated sources</Filter>
    </ClInclude>
    <ClInclude Include="..\..\..\src\TraceFormat.h">
      <Filter>Source Files</Filter>
    </ClInclude>
  </ItemGroup>
  <ItemGroup>
    <ClCompile Include="..\..\..\src\ProgramOptions.cpp">
      <Filter>Source Files</Filter>
    </ClCompile>
    <ClCompile Include="..\..\..\src\Logging.cpp">
      <Filter>Source Files</Filter>
    </ClCompile>
    <ClCompile Include="..\..\..\src\ImageFormat.cpp">
      <Filter>Source Files</Filter>
    </ClCompile>
    <ClCompile Include="..\..\..\src\StreamDispatch.cpp">
      <Filter>Source Files</Filter>
    </ClCompile>
    <ClCompile Include="..\..\..\src\StreamSource.cpp">
      <Filter>Source Files</Filter>
    </ClCompile>
    <ClCompile Include="..\..\..\src\Frame.cpp">
      <Filter>Source Files</Filter>
    </ClCompile>
    <ClCompile Include="..\..\..\src\StreamRenderer.cpp">
      <Filter>Source Files</Filter>
    </ClCompile>
    <ClCompile Include="..\..\..\src\StreamComposition.cpp">
      <Filter>Source Files</Filter>
    </ClCompile>
    <ClCompile Include="..\..\..\src\Precompile.cpp">
      <Filter>Source Files</Filter>
    </ClCompile>
    <ClCompile Include="..\..\..\src\FormatConverterStage.cpp">
      <Filter>Source Files\PipelineStages</Filter>
    </ClCompile>
    <ClCompile Include="..\..\..\src\UnpackPBOToTextureStage.cpp">
      <Filter>Source Files\PipelineStages</Filter>
    </ClCompile>
    <ClCompile Include="..\..\..\src\RenderStage.cpp">
      <Filter>Source Files\PipelineStages</Filter>
    </ClCompile>
    <ClCompile Include="..\..\..\src\PackTextureToPBOStage.cpp">
      <Filter>Source Files\PipelineStages</Filter>
    </ClCompile>
    <ClCompile Include="..\..\..\src\DemoStreamRenderer.cpp">
      <Filter>Source Files</Filter>
    </ClCompile>
    <ClCompile Include="..\..\..\src\StageSampler.cpp">
      <Filter>Source Files</Filter>
    </ClCompile>
    <ClCompile Include="..\..\..\src\ByPassUploadStage.cpp">
      <Filter>Source Files\PipelineStages</Filter>
    </ClCompile>
    <ClCompile Include="..\..\..\src\FrameCompositionOutputStage.cpp">
      <Filter>Source Files\PipelineStages</Filter>
    </ClCompile>
    <ClCompile Include="..\..\..\src\Context.cpp">
      <Filter>Source Files\OpenGL helpers</Filter>
    </ClCompile>
    <ClCompile Include="..\..\..\src\Init.cpp">
      <Filter>Source Files\OpenGL helpers</Filter>
    </ClCompile>
    <ClCompile Include="..\..\..\src\Quad.cpp">
      <Filter>Source Files\OpenGL helpers</Filter>
    </ClCompile>
    <ClCompile Include="..\..\..\src\Window.cpp">
      <Filter>Source Files\OpenGL helpers</Filter>
    </ClCompile>
    <ClCompile Include="..\..\..\src\UtilsGL.cpp">
      <Filter>Source Files\OpenGL helpers</Filter>
    </ClCompile>
    <ClCompile Include="..\..\..\src\StringifyEnums.cpp">
      <Filter>Source Files\OpenGL helpers</Filter>
    </ClCompile>
    <ClCompile Include="..\..\..\src\MapPBOStage.cpp">
      <Filter>Source Files\PipelineStages</Filter>
    </ClCompile>
    <ClCompile Include="..\..\..\src\CopyMappedPBOToHostStage.cpp">
      <Filter>Source Files\PipelineStages</Filter>
    </ClCompile>
    <ClCompile Include="..\..\..\src\FrameCompositionInputStage.cpp">
      <Filter>Source Files\PipelineStages</Filter>
    </ClCompile>
    <ClCompile Include="..\..\..\src\CopyHostToMappedPBOStage.cpp">
      <Filter>Source Files\PipelineStages</Filter>
    </ClCompile>
    <ClCompile Include="..\..\..\src\UnmapPBOStage.cpp">
      <Filter>Source Files\PipelineStages</Filter>
    </ClCompile>
    <ClCompile Include="..\..\..\src\TimeSampler.cpp">
      <Filter>Source Files\OpenGL helpers</Filter>
    </ClCompile>
    <ClCompile Include="..\..\..\src\protobuf_generated\fbt_format.pb.cc">
      <Filter>Source Files\protobuf generated sources</Filter>
    </ClCompile>
    <ClCompile Include="..\..\..\src\TraceFormat.cpp">
      <Filter>Source Files</Filter>
    </ClCompile>
    <ClCompile Include="..\..\..\external\glad\src\glad.c">
      <Filter>Source Files\glad GL bindings</Filter>
    </ClCompile>
  </ItemGroup>
  <ItemGroup>
    <None Include="..\..\..\glsl\passthrough.vert">
      <Filter>glsl</Filter>
    </None>
    <None Include="..\..\..\glsl\passthrough.frag">
      <Filter>glsl</Filter>
    </None>
    <None Include="..\..\..\glsl\passthrough_integer.frag">
      <Filter>glsl</Filter>
    </None>
    <None Include="..\..\..\glsl\overlay.vert">
      <Filter>glsl</Filter>
    </None>
    <None Include="..\..\..\glsl\overlay.frag">
      <Filter>glsl</Filter>
    </None>
    <None Include="..\..\..\glsl\common.glsl">
      <Filter>glsl</Filter>
    </None>
    <None Include="..\..\..\glsl\v210_decode_glsl_330.frag">
      <Filter>glsl</Filter>
    </None>
    <None Include="..\..\..\glsl\v210_decode_glsl_420.frag">
      <Filter>glsl</Filter>
    </None>
    <None Include="..\..\..\glsl\v210_encode_glsl_330.frag">
      <Filter>glsl</Filter>
    </None>
    <None Include="..\..\..\glsl\v210_encode_glsl_420.frag">
      <Filter>glsl</Filter>
    </None>
    <None Include="..\..\..\glsl\v210_decode_glsl_430.glsl">
      <Filter>glsl</Filter>
    </None>
    <None Include="..\..\..\glsl\v210_decode_constants.glsl">
      <Filter>glsl</Filter>
    </None>
    <None Include="..\..\..\glsl\v210_decode_ycbcr_lookup.glsl">
      <Filter>glsl</Filter>
    </None>
    <None Include="..\..\..\glsl\v210_decode_ycbcr_to_rgb_and_store.glsl">
      <Filter>glsl</Filter>
    </None>
    <None Include="..\..\..\glsl\v210_encode_constants.glsl">
      <Filter>glsl</Filter>
    </None>
    <None Include="..\..\..\glsl\v210_encode_lookup_and_rgba_to_ycbcr.glsl">
      <Filter>glsl</Filter>
    </None>
    <None Include="..\..\..\glsl\v210_encode_glsl_430.glsl">
      <Filter>glsl</Filter>
    </None>
    <None Include="..\..\..\glsl\v210_encode_subsample_ycbcr_pack_and_store.glsl">
      <Filter>glsl</Filter>
    </None>
    <None Include="..\..\..\glsl\v210_decode_glsl_430_no_shared.glsl">
      <Filter>glsl</Filter>
    </None>
    <None Include="..\..\..\glsl\v210_encode_glsl_430_no_shared.glsl">
      <Filter>glsl</Filter>
    </None>
    <None Include="..\..\..\resources\fbt_format.proto">
      <Filter>Resource Files</Filter>
    </None>
  </ItemGroup>
</Project>